
Microsoft Visual Studio Solution File, Format Version 12.00
# Visual Studio Version 17
VisualStudioVersion = 17.10.35122.118
MinimumVisualStudioVersion = 10.0.40219.1
Project("{FAE04EC0-301F-11D3-BF4B-00C04F79EFBC}") = "AppMobileChuckNorris", "AppMobileChuckNorris.csproj", "{66378680-D2E4-4EEB-A306-12ED03FD007E}"
EndProject
Global
	GlobalSection(SolutionConfigurationPlatforms) = preSolution
		Debug|Any CPU = Debug|Any CPU
		Release|Any CPU = Release|Any CPU
	EndGlobalSection
	GlobalSection(ProjectConfigurationPlatforms) = postSolution
		{66378680-D2E4-4EEB-A306-12ED03FD007E}.Debug|Any CPU.ActiveCfg = Debug|Any CPU
		{66378680-D2E4-4EEB-A306-12ED03FD007E}.Debug|Any CPU.Build.0 = Debug|Any CPU
		{66378680-D2E4-4EEB-A306-12ED03FD007E}.Debug|Any CPU.Deploy.0 = Debug|Any CPU
		{66378680-D2E4-4EEB-A306-12ED03FD007E}.Release|Any CPU.ActiveCfg = Release|Any CPU
		{66378680-D2E4-4EEB-A306-12ED03FD007E}.Release|Any CPU.Build.0 = Release|Any CPU
		{66378680-D2E4-4EEB-A306-12ED03FD007E}.Release|Any CPU.Deploy.0 = Release|Any CPU
	EndGlobalSection
	GlobalSection(SolutionProperties) = preSolution
		HideSolutionNode = FALSE
	EndGlobalSection
	GlobalSection(ExtensibilityGlobals) = postSolution
		SolutionGuid = {D299F337-D22B-410E-8F1F-79939833BB29}
	EndGlobalSection
EndGlobal
